
Microsoft Visual Studio Solution File, Format Version 12.00
# Visual Studio Version 17
VisualStudioVersion = 17.9.34310.174
MinimumVisualStudioVersion = 10.0.40219.1
Project("{9A19103F-16F7-4668-BE54-9A1E7A4F7556}") = "MyTemsAPI", "MyTemsAPI\MyTemsAPI.csproj", "{9437BAE0-1B84-49A3-9D6A-5231AB98F9CA}"
EndProject
Project("{9A19103F-16F7-4668-BE54-9A1E7A4F7556}") = "MyTemsAPI.Database.Migrations", "MyTemsAPI.Database.Migrations\MyTemsAPI.Database.Migrations.csproj", "{FBE40AF7-D8F9-469F-AAA1-53F9EDA062A2}"
EndProject
Project("{9A19103F-16F7-4668-BE54-9A1E7A4F7556}") = "MyTemsAPI.Domain", "MyTemsAPI.Domain\MyTemsAPI.Domain.csproj", "{3CBCC002-FEF1-4F4B-B19D-4CE34044257E}"
EndProject
Project("{9A19103F-16F7-4668-BE54-9A1E7A4F7556}") = "MyTemsAPI.Database", "MyTemsAPI.Database\MyTemsAPI.Database.csproj", "{A66496AE-C55A-4DF0-AFAB-45B9CFE8AF12}"
EndProject
Project("{9A19103F-16F7-4668-BE54-9A1E7A4F7556}") = "MyTemsAPI.Dto", "MyTemsAPI.Dto\MyTemsAPI.Dto.csproj", "{0BB74C15-2951-4A95-9DAD-A6DFC495E43A}"
EndProject
Project("{9A19103F-16F7-4668-BE54-9A1E7A4F7556}") = "MyTemsAPI.IntegrationTests", "MyTemsAPI.Test\MyTemsAPI.IntegrationTests.csproj", "{15449537-972E-4F2F-9335-1FCEB78A9D6A}"
EndProject
Project("{9A19103F-16F7-4668-BE54-9A1E7A4F7556}") = "MyTemsAPI.NServiceBus.Input", "MyTemsAPI.NServiceBus.Input\MyTemsAPI.NServiceBus.Input.csproj", "{34334328-8820-4B9D-8642-7AF8357DBAA1}"
EndProject
Project("{9A19103F-16F7-4668-BE54-9A1E7A4F7556}") = "LarsProjekt.Messages", "LarsProjekt.Messages\LarsProjekt.Messages.csproj", "{5A4249A6-2ECE-4382-BC4E-B0D403380611}"
EndProject
Project("{FAE04EC0-301F-11D3-BF4B-00C04F79EFBC}") = "MyTemsAPI.Application", "MyTemsAPI.Application\MyTemsAPI.Application.csproj", "{FA59DA3D-70FA-4CD5-881C-AA64A5C112C4}"
EndProject
Global
	GlobalSection(SolutionConfigurationPlatforms) = preSolution
		Debug|Any CPU = Debug|Any CPU
		Release|Any CPU = Release|Any CPU
	EndGlobalSection
	GlobalSection(ProjectConfigurationPlatforms) = postSolution
		{9437BAE0-1B84-49A3-9D6A-5231AB98F9CA}.Debug|Any CPU.ActiveCfg = Debug|Any CPU
		{9437BAE0-1B84-49A3-9D6A-5231AB98F9CA}.Debug|Any CPU.Build.0 = Debug|Any CPU
		{9437BAE0-1B84-49A3-9D6A-5231AB98F9CA}.Release|Any CPU.ActiveCfg = Release|Any CPU
		{9437BAE0-1B84-49A3-9D6A-5231AB98F9CA}.Release|Any CPU.Build.0 = Release|Any CPU
		{FBE40AF7-D8F9-469F-AAA1-53F9EDA062A2}.Debug|Any CPU.ActiveCfg = Debug|Any CPU
		{FBE40AF7-D8F9-469F-AAA1-53F9EDA062A2}.Debug|Any CPU.Build.0 = Debug|Any CPU
		{FBE40AF7-D8F9-469F-AAA1-53F9EDA062A2}.Release|Any CPU.ActiveCfg = Release|Any CPU
		{FBE40AF7-D8F9-469F-AAA1-53F9EDA062A2}.Release|Any CPU.Build.0 = Release|Any CPU
		{3CBCC002-FEF1-4F4B-B19D-4CE34044257E}.Debug|Any CPU.ActiveCfg = Debug|Any CPU
		{3CBCC002-FEF1-4F4B-B19D-4CE34044257E}.Debug|Any CPU.Build.0 = Debug|Any CPU
		{3CBCC002-FEF1-4F4B-B19D-4CE34044257E}.Release|Any CPU.ActiveCfg = Release|Any CPU
		{3CBCC002-FEF1-4F4B-B19D-4CE34044257E}.Release|Any CPU.Build.0 = Release|Any CPU
		{A66496AE-C55A-4DF0-AFAB-45B9CFE8AF12}.Debug|Any CPU.ActiveCfg = Debug|Any CPU
		{A66496AE-C55A-4DF0-AFAB-45B9CFE8AF12}.Debug|Any CPU.Build.0 = Debug|Any CPU
		{A66496AE-C55A-4DF0-AFAB-45B9CFE8AF12}.Release|Any CPU.ActiveCfg = Release|Any CPU
		{A66496AE-C55A-4DF0-AFAB-45B9CFE8AF12}.Release|Any CPU.Build.0 = Release|Any CPU
		{0BB74C15-2951-4A95-9DAD-A6DFC495E43A}.Debug|Any CPU.ActiveCfg = Debug|Any CPU
		{0BB74C15-2951-4A95-9DAD-A6DFC495E43A}.Debug|Any CPU.Build.0 = Debug|Any CPU
		{0BB74C15-2951-4A95-9DAD-A6DFC495E43A}.Release|Any CPU.ActiveCfg = Release|Any CPU
		{0BB74C15-2951-4A95-9DAD-A6DFC495E43A}.Release|Any CPU.Build.0 = Release|Any CPU
		{15449537-972E-4F2F-9335-1FCEB78A9D6A}.Debug|Any CPU.ActiveCfg = Debug|Any CPU
		{15449537-972E-4F2F-9335-1FCEB78A9D6A}.Debug|Any CPU.Build.0 = Debug|Any CPU
		{15449537-972E-4F2F-9335-1FCEB78A9D6A}.Release|Any CPU.ActiveCfg = Release|Any CPU
		{15449537-972E-4F2F-9335-1FCEB78A9D6A}.Release|Any CPU.Build.0 = Release|Any CPU
		{34334328-8820-4B9D-8642-7AF8357DBAA1}.Debug|Any CPU.ActiveCfg = Debug|Any CPU
		{34334328-8820-4B9D-8642-7AF8357DBAA1}.Debug|Any CPU.Build.0 = Debug|Any CPU
		{34334328-8820-4B9D-8642-7AF8357DBAA1}.Release|Any CPU.ActiveCfg = Release|Any CPU
		{34334328-8820-4B9D-8642-7AF8357DBAA1}.Release|Any CPU.Build.0 = Release|Any CPU
		{5A4249A6-2ECE-4382-BC4E-B0D403380611}.Debug|Any CPU.ActiveCfg = Debug|Any CPU
		{5A4249A6-2ECE-4382-BC4E-B0D403380611}.Debug|Any CPU.Build.0 = Debug|Any CPU
		{5A4249A6-2ECE-4382-BC4E-B0D403380611}.Release|Any CPU.ActiveCfg = Release|Any CPU
		{5A4249A6-2ECE-4382-BC4E-B0D403380611}.Release|Any CPU.Build.0 = Release|Any CPU
		{FA59DA3D-70FA-4CD5-881C-AA64A5C112C4}.Debug|Any CPU.ActiveCfg = Debug|Any CPU
		{FA59DA3D-70FA-4CD5-881C-AA64A5C112C4}.Debug|Any CPU.Build.0 = Debug|Any CPU
		{FA59DA3D-70FA-4CD5-881C-AA64A5C112C4}.Release|Any CPU.ActiveCfg = Release|Any CPU
		{FA59DA3D-70FA-4CD5-881C-AA64A5C112C4}.Release|Any CPU.Build.0 = Release|Any CPU
	EndGlobalSection
	GlobalSection(SolutionProperties) = preSolution
		HideSolutionNode = FALSE
	EndGlobalSection
	GlobalSection(ExtensibilityGlobals) = postSolution
		SolutionGuid = {5BF190DC-E7B0-4BBC-BA36-BA2842A8B9F1}
	EndGlobalSection
EndGlobal
